PODS:
  - GeoJSON (0.2.0)
  - Nimble (5.0.0)

DEPENDENCIES:
  - GeoJSON (from `../`)
  - Nimble

EXTERNAL SOURCES:
  GeoJSON:
    :path: ../

SPEC CHECKSUMS:
  GeoJSON: 921bab1a5af2236d7523109be55b54893846b626
  Nimble: 56fc9f5020effa2206de22c3dd910f4fb011b92f

PODFILE CHECKSUM: 9677688804a281c2318c167d04be46aefc8ea591

COCOAPODS: 1.1.0.rc.2
