// !$*UTF8*$!
{
	archiveVersion = 1;
	classes = {
	};
	objectVersion = 50;
	objects = {

/* Begin PBXBuildFile section */
		3C7E3FA4213F24F500BED762 /* GeoJSON.h in Headers */ = {isa = PBXBuildFile; fileRef = 3C7E3FA2213F24F500BED762 /* GeoJSON.h */; settings = {ATTRIBUTES = (Public, ); }; };
		3C7E3FC1213F260000BED762 /* .gitkeep in Resources */ = {isa = PBXBuildFile; fileRef = 3C7E3FBA213F260000BED762 /* .gitkeep */; };
		3C7E3FC2213F260000BED762 /* GeoJSONLineString.swift in Sources */ = {isa = PBXBuildFile; fileRef = 3C7E3FBB213F260000BED762 /* GeoJSONLineString.swift */; };
		3C7E3FC3213F260000BED762 /* GeoJSONMulti.swift in Sources */ = {isa = PBXBuildFile; fileRef = 3C7E3FBC213F260000BED762 /* GeoJSONMulti.swift */; };
		3C7E3FC4213F260000BED762 /* GeoJSONFeature.swift in Sources */ = {isa = PBXBuildFile; fileRef = 3C7E3FBD213F260000BED762 /* GeoJSONFeature.swift */; };
		3C7E3FC5213F260000BED762 /* GeoJSONPolygon.swift in Sources */ = {isa = PBXBuildFile; fileRef = 3C7E3FBE213F260000BED762 /* GeoJSONPolygon.swift */; };
		3C7E3FC6213F260000BED762 /* GeoJSONFeatureCollection.swift in Sources */ = {isa = PBXBuildFile; fileRef = 3C7E3FBF213F260000BED762 /* GeoJSONFeatureCollection.swift */; };
		3C7E3FC7213F260000BED762 /* GeoJSONPoint.swift in Sources */ = {isa = PBXBuildFile; fileRef = 3C7E3FC0213F260000BED762 /* GeoJSONPoint.swift */; };
		3C7E3FD1213F283D00BED762 /* GeoJSON_swift.framework in Frameworks */ = {isa = PBXBuildFile; fileRef = 3C7E3F9F213F24F500BED762 /* GeoJSON_swift.framework */; };
		3C7E3FDA213F285800BED762 /* Tests.swift in Sources */ = {isa = PBXBuildFile; fileRef = 3C7E3FD8213F285800BED762 /* Tests.swift */; };
		3CC48A15216EC42E0088E219 /* GeoJSON_swift.framework in Frameworks */ = {isa = PBXBuildFile; fileRef = 3CC48A0C216EC42D0088E219 /* GeoJSON_swift.framework */; };
		3CC48A23216EC4AB0088E219 /* GeoJSONLineString.swift in Sources */ = {isa = PBXBuildFile; fileRef = 3C7E3FBB213F260000BED762 /* GeoJSONLineString.swift */; };
		3CC48A24216EC4AB0088E219 /* GeoJSONMulti.swift in Sources */ = {isa = PBXBuildFile; fileRef = 3C7E3FBC213F260000BED762 /* GeoJSONMulti.swift */; };
		3CC48A25216EC4AB0088E219 /* GeoJSONFeature.swift in Sources */ = {isa = PBXBuildFile; fileRef = 3C7E3FBD213F260000BED762 /* GeoJSONFeature.swift */; };
		3CC48A26216EC4AB0088E219 /* GeoJSONPolygon.swift in Sources */ = {isa = PBXBuildFile; fileRef = 3C7E3FBE213F260000BED762 /* GeoJSONPolygon.swift */; };
		3CC48A27216EC4AB0088E219 /* GeoJSONFeatureCollection.swift in Sources */ = {isa = PBXBuildFile; fileRef = 3C7E3FBF213F260000BED762 /* GeoJSONFeatureCollection.swift */; };
		3CC48A28216EC4AB0088E219 /* GeoJSONPoint.swift in Sources */ = {isa = PBXBuildFile; fileRef = 3C7E3FC0213F260000BED762 /* GeoJSONPoint.swift */; };
		3CC48A29216EC4AE0088E219 /* Tests.swift in Sources */ = {isa = PBXBuildFile; fileRef = 3C7E3FD8213F285800BED762 /* Tests.swift */; };
		3CC48A2A216EC4B70088E219 /* GeoJSON.h in Headers */ = {isa = PBXBuildFile; fileRef = 3C7E3FA2213F24F500BED762 /* GeoJSON.h */; settings = {ATTRIBUTES = (Public, ); }; };
/* End PBXBuildFile section */

/* Begin PBXContainerItemProxy section */
		3C7E3FD2213F283D00BED762 /* PBXContainerItemProxy */ = {
			isa = PBXContainerItemProxy;
			containerPortal = 3C7E3F96213F24F500BED762 /* Project object */;
			proxyType = 1;
			remoteGlobalIDString = 3C7E3F9E213F24F500BED762;
			remoteInfo = GeoJSON.swift;
		};
		3CC48A16216EC42E0088E219 /* PBXContainerItemProxy */ = {
			isa = PBXContainerItemProxy;
			containerPortal = 3C7E3F96213F24F500BED762 /* Project object */;
			proxyType = 1;
			remoteGlobalIDString = 3CC48A0B216EC42D0088E219;
			remoteInfo = "GeoJSON.swift-macOS";
		};
/* End PBXContainerItemProxy section */

/* Begin PBXFileReference section */
		3C7E3F9F213F24F500BED762 /* GeoJSON_swift.framework */ = {isa = PBXFileReference; explicitFileType = wrapper.framework; includeInIndex = 0; path = GeoJSON_swift.framework; sourceTree = BUILT_PRODUCTS_DIR; };
		3C7E3FA2213F24F500BED762 /* GeoJSON.h */ = {isa = PBXFileReference; lastKnownFileType = sourcecode.c.h; path = GeoJSON.h; sourceTree = "<group>"; };
		3C7E3FA3213F24F500BED762 /* Info.plist */ = {isa = PBXFileReference; lastKnownFileType = text.plist.xml; path = Info.plist; sourceTree = "<group>"; };
		3C7E3FBA213F260000BED762 /* .gitkeep */ = {isa = PBXFileReference; fileEncoding = 4; lastKnownFileType = text; path = .gitkeep; sourceTree = "<group>"; };
		3C7E3FBB213F260000BED762 /* GeoJSONLineString.swift */ = {isa = PBXFileReference; fileEncoding = 4; lastKnownFileType = sourcecode.swift; path = GeoJSONLineString.swift; sourceTree = "<group>"; };
		3C7E3FBC213F260000BED762 /* GeoJSONMulti.swift */ = {isa = PBXFileReference; fileEncoding = 4; lastKnownFileType = sourcecode.swift; path = GeoJSONMulti.swift; sourceTree = "<group>"; };
		3C7E3FBD213F260000BED762 /* GeoJSONFeature.swift */ = {isa = PBXFileReference; fileEncoding = 4; lastKnownFileType = sourcecode.swift; path = GeoJSONFeature.swift; sourceTree = "<group>"; };
		3C7E3FBE213F260000BED762 /* GeoJSONPolygon.swift */ = {isa = PBXFileReference; fileEncoding = 4; lastKnownFileType = sourcecode.swift; path = GeoJSONPolygon.swift; sourceTree = "<group>"; };
		3C7E3FBF213F260000BED762 /* GeoJSONFeatureCollection.swift */ = {isa = PBXFileReference; fileEncoding = 4; lastKnownFileType = sourcecode.swift; path = GeoJSONFeatureCollection.swift; sourceTree = "<group>"; };
		3C7E3FC0213F260000BED762 /* GeoJSONPoint.swift */ = {isa = PBXFileReference; fileEncoding = 4; lastKnownFileType = sourcecode.swift; path = GeoJSONPoint.swift; sourceTree = "<group>"; };
		3C7E3FCC213F283D00BED762 /* GeoJSON.swiftTests-iOS.xctest */ = {isa = PBXFileReference; explicitFileType = wrapper.cfbundle; includeInIndex = 0; path = "GeoJSON.swiftTests-iOS.xctest"; sourceTree = BUILT_PRODUCTS_DIR; };
		3C7E3FD8213F285800BED762 /* Tests.swift */ = {isa = PBXFileReference; fileEncoding = 4; lastKnownFileType = sourcecode.swift; path = Tests.swift; sourceTree = "<group>"; };
		3C7E3FD9213F285800BED762 /* Info.plist */ = {isa = PBXFileReference; fileEncoding = 4; lastKnownFileType = text.plist.xml; path = Info.plist; sourceTree = "<group>"; };
		3CC48A0C216EC42D0088E219 /* GeoJSON_swift.framework */ = {isa = PBXFileReference; explicitFileType = wrapper.framework; includeInIndex = 0; path = GeoJSON_swift.framework; sourceTree = BUILT_PRODUCTS_DIR; };
		3CC48A14216EC42E0088E219 /* GeoJSON.swiftTests-macOS.xctest */ = {isa = PBXFileReference; explicitFileType = wrapper.cfbundle; includeInIndex = 0; path = "GeoJSON.swiftTests-macOS.xctest"; sourceTree = BUILT_PRODUCTS_DIR; };
/* End PBXFileReference section */

/* Begin PBXFrameworksBuildPhase section */
		3C7E3F9B213F24F500BED762 /* Frameworks */ = {
			isa = PBXFrameworksBuildPhase;
			buildActionMask = 2147483647;
			files = (
			);
			runOnlyForDeploymentPostprocessing = 0;
		};
		3C7E3FC9213F283D00BED762 /* Frameworks */ = {
			isa = PBXFrameworksBuildPhase;
			buildActionMask = 2147483647;
			files = (
				3C7E3FD1213F283D00BED762 /* GeoJSON_swift.framework in Frameworks */,
			);
			runOnlyForDeploymentPostprocessing = 0;
		};
		3CC48A09216EC42D0088E219 /* Frameworks */ = {
			isa = PBXFrameworksBuildPhase;
			buildActionMask = 2147483647;
			files = (
			);
			runOnlyForDeploymentPostprocessing = 0;
		};
		3CC48A11216EC42E0088E219 /* Frameworks */ = {
			isa = PBXFrameworksBuildPhase;
			buildActionMask = 2147483647;
			files = (
				3CC48A15216EC42E0088E219 /* GeoJSON_swift.framework in Frameworks */,
			);
			runOnlyForDeploymentPostprocessing = 0;
		};
/* End PBXFrameworksBuildPhase section */

/* Begin PBXGroup section */
		3C7E3F95213F24F500BED762 = {
			isa = PBXGroup;
			children = (
				3C7E3FB9213F260000BED762 /* Classes */,
				3C7E3FA1213F24F500BED762 /* Framework Support */,
				3C7E3FD7213F285800BED762 /* Tests */,
				3C7E3FA0213F24F500BED762 /* Products */,
			);
			sourceTree = "<group>";
		};
		3C7E3FA0213F24F500BED762 /* Products */ = {
			isa = PBXGroup;
			children = (
				3C7E3F9F213F24F500BED762 /* GeoJSON_swift.framework */,
				3C7E3FCC213F283D00BED762 /* GeoJSON.swiftTests-iOS.xctest */,
				3CC48A0C216EC42D0088E219 /* GeoJSON_swift.framework */,
				3CC48A14216EC42E0088E219 /* GeoJSON.swiftTests-macOS.xctest */,
			);
			name = Products;
			sourceTree = "<group>";
		};
		3C7E3FA1213F24F500BED762 /* Framework Support */ = {
			isa = PBXGroup;
			children = (
				3C7E3FA2213F24F500BED762 /* GeoJSON.h */,
				3C7E3FA3213F24F500BED762 /* Info.plist */,
			);
			path = "Framework Support";
			sourceTree = "<group>";
		};
		3C7E3FB9213F260000BED762 /* Classes */ = {
			isa = PBXGroup;
			children = (
				3C7E3FBA213F260000BED762 /* .gitkeep */,
				3C7E3FBB213F260000BED762 /* GeoJSONLineString.swift */,
				3C7E3FBC213F260000BED762 /* GeoJSONMulti.swift */,
				3C7E3FBD213F260000BED762 /* GeoJSONFeature.swift */,
				3C7E3FBE213F260000BED762 /* GeoJSONPolygon.swift */,
				3C7E3FBF213F260000BED762 /* GeoJSONFeatureCollection.swift */,
				3C7E3FC0213F260000BED762 /* GeoJSONPoint.swift */,
			);
			name = Classes;
			path = Pod/Classes;
			sourceTree = "<group>";
		};
		3C7E3FD7213F285800BED762 /* Tests */ = {
			isa = PBXGroup;
			children = (
				3C7E3FD8213F285800BED762 /* Tests.swift */,
				3C7E3FD9213F285800BED762 /* Info.plist */,
			);
			name = Tests;
			path = ../../Adorkable/Tracks/repo/Carthage/Checkouts/GeoJSON.swift/Example/Tests;
			sourceTree = "<group>";
		};
/* End PBXGroup section */

/* Begin PBXHeadersBuildPhase section */
		3C7E3F9C213F24F500BED762 /* Headers */ = {
			isa = PBXHeadersBuildPhase;
			buildActionMask = 2147483647;
			files = (
				3C7E3FA4213F24F500BED762 /* GeoJSON.h in Headers */,
			);
			runOnlyForDeploymentPostprocessing = 0;
		};
		3CC48A07216EC42D0088E219 /* Headers */ = {
			isa = PBXHeadersBuildPhase;
			buildActionMask = 2147483647;
			files = (
				3CC48A2A216EC4B70088E219 /* GeoJSON.h in Headers */,
			);
			runOnlyForDeploymentPostprocessing = 0;
		};
/* End PBXHeadersBuildPhase section */

/* Begin PBXNativeTarget section */
		3C7E3F9E213F24F500BED762 /* GeoJSON.swift-iOS */ = {
			isa = PBXNativeTarget;
			buildConfigurationList = 3C7E3FA7213F24F500BED762 /* Build configuration list for PBXNativeTarget "GeoJSON.swift-iOS" */;
			buildPhases = (
				3C7E3F9A213F24F500BED762 /* Sources */,
				3C7E3F9B213F24F500BED762 /* Frameworks */,
				3C7E3F9C213F24F500BED762 /* Headers */,
				3C7E3F9D213F24F500BED762 /* Resources */,
			);
			buildRules = (
			);
			dependencies = (
			);
			name = "GeoJSON.swift-iOS";
			productName = GeoJSON;
			productReference = 3C7E3F9F213F24F500BED762 /* GeoJSON_swift.framework */;
			productType = "com.apple.product-type.framework";
		};
		3C7E3FCB213F283D00BED762 /* GeoJSON.swiftTests-iOS */ = {
			isa = PBXNativeTarget;
			buildConfigurationList = 3C7E3FD4213F283D00BED762 /* Build configuration list for PBXNativeTarget "GeoJSON.swiftTests-iOS" */;
			buildPhases = (
				3C7E3FC8213F283D00BED762 /* Sources */,
				3C7E3FC9213F283D00BED762 /* Frameworks */,
				3C7E3FCA213F283D00BED762 /* Resources */,
			);
			buildRules = (
			);
			dependencies = (
				3C7E3FD3213F283D00BED762 /* PBXTargetDependency */,
			);
			name = "GeoJSON.swiftTests-iOS";
			productName = GeoJSON_swiftTests;
			productReference = 3C7E3FCC213F283D00BED762 /* GeoJSON.swiftTests-iOS.xctest */;
			productType = "com.apple.product-type.bundle.unit-test";
		};
		3CC48A0B216EC42D0088E219 /* GeoJSON.swift-macOS */ = {
			isa = PBXNativeTarget;
			buildConfigurationList = 3CC48A21216EC42E0088E219 /* Build configuration list for PBXNativeTarget "GeoJSON.swift-macOS" */;
			buildPhases = (
				3CC48A07216EC42D0088E219 /* Headers */,
				3CC48A08216EC42D0088E219 /* Sources */,
				3CC48A09216EC42D0088E219 /* Frameworks */,
				3CC48A0A216EC42D0088E219 /* Resources */,
			);
			buildRules = (
			);
			dependencies = (
			);
			name = "GeoJSON.swift-macOS";
			productName = "GeoJSON.swift-macOS";
			productReference = 3CC48A0C216EC42D0088E219 /* GeoJSON_swift.framework */;
			productType = "com.apple.product-type.framework";
		};
		3CC48A13216EC42E0088E219 /* GeoJSON.swiftTests-macOS */ = {
			isa = PBXNativeTarget;
			buildConfigurationList = 3CC48A22216EC42E0088E219 /* Build configuration list for PBXNativeTarget "GeoJSON.swiftTests-macOS" */;
			buildPhases = (
				3CC48A10216EC42E0088E219 /* Sources */,
				3CC48A11216EC42E0088E219 /* Frameworks */,
				3CC48A12216EC42E0088E219 /* Resources */,
			);
			buildRules = (
			);
			dependencies = (
				3CC48A17216EC42E0088E219 /* PBXTargetDependency */,
			);
			name = "GeoJSON.swiftTests-macOS";
			productName = "GeoJSON.swift-macOSTests";
			productReference = 3CC48A14216EC42E0088E219 /* GeoJSON.swiftTests-macOS.xctest */;
			productType = "com.apple.product-type.bundle.unit-test";
		};
/* End PBXNativeTarget section */

/* Begin PBXProject section */
		3C7E3F96213F24F500BED762 /* Project object */ = {
			isa = PBXProject;
			attributes = {
				LastSwiftUpdateCheck = 1000;
				LastUpgradeCheck = 0940;
				TargetAttributes = {
					3C7E3F9E213F24F500BED762 = {
						CreatedOnToolsVersion = 9.4.1;
					};
					3C7E3FCB213F283D00BED762 = {
						CreatedOnToolsVersion = 9.4.1;
					};
					3CC48A0B216EC42D0088E219 = {
						CreatedOnToolsVersion = 10.0;
					};
					3CC48A13216EC42E0088E219 = {
						CreatedOnToolsVersion = 10.0;
					};
				};
			};
			buildConfigurationList = 3C7E3F99213F24F500BED762 /* Build configuration list for PBXProject "GeoJSON.swift" */;
			compatibilityVersion = "Xcode 9.3";
			developmentRegion = en;
			hasScannedForEncodings = 0;
			knownRegions = (
				en,
			);
			mainGroup = 3C7E3F95213F24F500BED762;
			productRefGroup = 3C7E3FA0213F24F500BED762 /* Products */;
			projectDirPath = "";
			projectRoot = "";
			targets = (
				3C7E3F9E213F24F500BED762 /* GeoJSON.swift-iOS */,
				3C7E3FCB213F283D00BED762 /* GeoJSON.swiftTests-iOS */,
				3CC48A0B216EC42D0088E219 /* GeoJSON.swift-macOS */,
				3CC48A13216EC42E0088E219 /* GeoJSON.swiftTests-macOS */,
			);
		};
/* End PBXProject section */

/* Begin PBXResourcesBuildPhase section */
		3C7E3F9D213F24F500BED762 /* Resources */ = {
			isa = PBXResourcesBuildPhase;
			buildActionMask = 2147483647;
			files = (
				3C7E3FC1213F260000BED762 /* .gitkeep in Resources */,
			);
			runOnlyForDeploymentPostprocessing = 0;
		};
		3C7E3FCA213F283D00BED762 /* Resources */ = {
			isa = PBXResourcesBuildPhase;
			buildActionMask = 2147483647;
			files = (
			);
			runOnlyForDeploymentPostprocessing = 0;
		};
		3CC48A0A216EC42D0088E219 /* Resources */ = {
			isa = PBXResourcesBuildPhase;
			buildActionMask = 2147483647;
			files = (
			);
			runOnlyForDeploymentPostprocessing = 0;
		};
		3CC48A12216EC42E0088E219 /* Resources */ = {
			isa = PBXResourcesBuildPhase;
			buildActionMask = 2147483647;
			files = (
			);
			runOnlyForDeploymentPostprocessing = 0;
		};
/* End PBXResourcesBuildPhase section */

/* Begin PBXSourcesBuildPhase section */
		3C7E3F9A213F24F500BED762 /* Sources */ = {
			isa = PBXSourcesBuildPhase;
			buildActionMask = 2147483647;
			files = (
				3C7E3FC5213F260000BED762 /* GeoJSONPolygon.swift in Sources */,
				3C7E3FC2213F260000BED762 /* GeoJSONLineString.swift in Sources */,
				3C7E3FC3213F260000BED762 /* GeoJSONMulti.swift in Sources */,
				3C7E3FC6213F260000BED762 /* GeoJSONFeatureCollection.swift in Sources */,
				3C7E3FC7213F260000BED762 /* GeoJSONPoint.swift in Sources */,
				3C7E3FC4213F260000BED762 /* GeoJSONFeature.swift in Sources */,
			);
			runOnlyForDeploymentPostprocessing = 0;
		};
		3C7E3FC8213F283D00BED762 /* Sources */ = {
			isa = PBXSourcesBuildPhase;
			buildActionMask = 2147483647;
			files = (
				3C7E3FDA213F285800BED762 /* Tests.swift in Sources */,
			);
			runOnlyForDeploymentPostprocessing = 0;
		};
		3CC48A08216EC42D0088E219 /* Sources */ = {
			isa = PBXSourcesBuildPhase;
			buildActionMask = 2147483647;
			files = (
				3CC48A26216EC4AB0088E219 /* GeoJSONPolygon.swift in Sources */,
				3CC48A23216EC4AB0088E219 /* GeoJSONLineString.swift in Sources */,
				3CC48A24216EC4AB0088E219 /* GeoJSONMulti.swift in Sources */,
				3CC48A27216EC4AB0088E219 /* GeoJSONFeatureCollection.swift in Sources */,
				3CC48A28216EC4AB0088E219 /* GeoJSONPoint.swift in Sources */,
				3CC48A25216EC4AB0088E219 /* GeoJSONFeature.swift in Sources */,
			);
			runOnlyForDeploymentPostprocessing = 0;
		};
		3CC48A10216EC42E0088E219 /* Sources */ = {
			isa = PBXSourcesBuildPhase;
			buildActionMask = 2147483647;
			files = (
				3CC48A29216EC4AE0088E219 /* Tests.swift in Sources */,
			);
			runOnlyForDeploymentPostprocessing = 0;
		};
/* End PBXSourcesBuildPhase section */

/* Begin PBXTargetDependency section */
		3C7E3FD3213F283D00BED762 /* PBXTargetDependency */ = {
			isa = PBXTargetDependency;
			target = 3C7E3F9E213F24F500BED762 /* GeoJSON.swift-iOS */;
			targetProxy = 3C7E3FD2213F283D00BED762 /* PBXContainerItemProxy */;
		};
		3CC48A17216EC42E0088E219 /* PBXTargetDependency */ = {
			isa = PBXTargetDependency;
			target = 3CC48A0B216EC42D0088E219 /* GeoJSON.swift-macOS */;
			targetProxy = 3CC48A16216EC42E0088E219 /* PBXContainerItemProxy */;
		};
/* End PBXTargetDependency section */

/* Begin XCBuildConfiguration section */
		3C7E3FA5213F24F500BED762 /* Debug */ = {
			isa = XCBuildConfiguration;
			buildSettings = {
				ALWAYS_SEARCH_USER_PATHS = NO;
				CLANG_ANALYZER_NONNULL = YES;
				CLANG_ANALYZER_NUMBER_OBJECT_CONVERSION = YES_AGGRESSIVE;
				CLANG_CXX_LANGUAGE_STANDARD = "gnu++14";
				CLANG_CXX_LIBRARY = "libc++";
				CLANG_ENABLE_MODULES = YES;
				CLANG_ENABLE_OBJC_ARC = YES;
				CLANG_ENABLE_OBJC_WEAK = YES;
				CLANG_WARN_BLOCK_CAPTURE_AUTORELEASING = YES;
				CLANG_WARN_BOOL_CONVERSION = YES;
				CLANG_WARN_COMMA = YES;
				CLANG_WARN_CONSTANT_CONVERSION = YES;
				CLANG_WARN_DEPRECATED_OBJC_IMPLEMENTATIONS = YES;
				CLANG_WARN_DIRECT_OBJC_ISA_USAGE = YES_ERROR;
				CLANG_WARN_DOCUMENTATION_COMMENTS = YES;
				CLANG_WARN_EMPTY_BODY = YES;
				CLANG_WARN_ENUM_CONVERSION = YES;
				CLANG_WARN_INFINITE_RECURSION = YES;
				CLANG_WARN_INT_CONVERSION = YES;
				CLANG_WARN_NON_LITERAL_NULL_CONVERSION = YES;
				CLANG_WARN_OBJC_IMPLICIT_RETAIN_SELF = YES;
				CLANG_WARN_OBJC_LITERAL_CONVERSION = YES;
				CLANG_WARN_OBJC_ROOT_CLASS = YES_ERROR;
				CLANG_WARN_RANGE_LOOP_ANALYSIS = YES;
				CLANG_WARN_STRICT_PROTOTYPES = YES;
				CLANG_WARN_SUSPICIOUS_MOVE = YES;
				CLANG_WARN_UNGUARDED_AVAILABILITY = YES_AGGRESSIVE;
				CLANG_WARN_UNREACHABLE_CODE = YES;
				CLANG_WARN__DUPLICATE_METHOD_MATCH = YES;
				CODE_SIGN_IDENTITY = "iPhone Developer";
				COPY_PHASE_STRIP = NO;
				CURRENT_PROJECT_VERSION = 1;
				DEBUG_INFORMATION_FORMAT = dwarf;
				ENABLE_STRICT_OBJC_MSGSEND = YES;
				ENABLE_TESTABILITY = YES;
				GCC_C_LANGUAGE_STANDARD = gnu11;
				GCC_DYNAMIC_NO_PIC = NO;
				GCC_NO_COMMON_BLOCKS = YES;
				GCC_OPTIMIZATION_LEVEL = 0;
				GCC_PREPROCESSOR_DEFINITIONS = (
					"DEBUG=1",
					"$(inherited)",
				);
				GCC_WARN_64_TO_32_BIT_CONVERSION = YES;
				GCC_WARN_ABOUT_RETURN_TYPE = YES_ERROR;
				GCC_WARN_UNDECLARED_SELECTOR = YES;
				GCC_WARN_UNINITIALIZED_AUTOS = YES_AGGRESSIVE;
				GCC_WARN_UNUSED_FUNCTION = YES;
				GCC_WARN_UNUSED_VARIABLE = YES;
				IPHONEOS_DEPLOYMENT_TARGET = 11.4;
				MTL_ENABLE_DEBUG_INFO = YES;
				ONLY_ACTIVE_ARCH = YES;
				SDKROOT = iphoneos;
				SWIFT_ACTIVE_COMPILATION_CONDITIONS = DEBUG;
				SWIFT_OPTIMIZATION_LEVEL = "-Onone";
				VERSIONING_SYSTEM = "apple-generic";
				VERSION_INFO_PREFIX = "";
			};
			name = Debug;
		};
		3C7E3FA6213F24F500BED762 /* Release */ = {
			isa = XCBuildConfiguration;
			buildSettings = {
				ALWAYS_SEARCH_USER_PATHS = NO;
				CLANG_ANALYZER_NONNULL = YES;
				CLANG_ANALYZER_NUMBER_OBJECT_CONVERSION = YES_AGGRESSIVE;
				CLANG_CXX_LANGUAGE_STANDARD = "gnu++14";
				CLANG_CXX_LIBRARY = "libc++";
				CLANG_ENABLE_MODULES = YES;
				CLANG_ENABLE_OBJC_ARC = YES;
				CLANG_ENABLE_OBJC_WEAK = YES;
				CLANG_WARN_BLOCK_CAPTURE_AUTORELEASING = YES;
				CLANG_WARN_BOOL_CONVERSION = YES;
				CLANG_WARN_COMMA = YES;
				CLANG_WARN_CONSTANT_CONVERSION = YES;
				CLANG_WARN_DEPRECATED_OBJC_IMPLEMENTATIONS = YES;
				CLANG_WARN_DIRECT_OBJC_ISA_USAGE = YES_ERROR;
				CLANG_WARN_DOCUMENTATION_COMMENTS = YES;
				CLANG_WARN_EMPTY_BODY = YES;
				CLANG_WARN_ENUM_CONVERSION = YES;
				CLANG_WARN_INFINITE_RECURSION = YES;
				CLANG_WARN_INT_CONVERSION = YES;
				CLANG_WARN_NON_LITERAL_NULL_CONVERSION = YES;
				CLANG_WARN_OBJC_IMPLICIT_RETAIN_SELF = YES;
				CLANG_WARN_OBJC_LITERAL_CONVERSION = YES;
				CLANG_WARN_OBJC_ROOT_CLASS = YES_ERROR;
				CLANG_WARN_RANGE_LOOP_ANALYSIS = YES;
				CLANG_WARN_STRICT_PROTOTYPES = YES;
				CLANG_WARN_SUSPICIOUS_MOVE = YES;
				CLANG_WARN_UNGUARDED_AVAILABILITY = YES_AGGRESSIVE;
				CLANG_WARN_UNREACHABLE_CODE = YES;
				CLANG_WARN__DUPLICATE_METHOD_MATCH = YES;
				CODE_SIGN_IDENTITY = "iPhone Developer";
				COPY_PHASE_STRIP = NO;
				CURRENT_PROJECT_VERSION = 1;
				DEBUG_INFORMATION_FORMAT = "dwarf-with-dsym";
				ENABLE_NS_ASSERTIONS = NO;
				ENABLE_STRICT_OBJC_MSGSEND = YES;
				GCC_C_LANGUAGE_STANDARD = gnu11;
				GCC_NO_COMMON_BLOCKS = YES;
				GCC_WARN_64_TO_32_BIT_CONVERSION = YES;
				GCC_WARN_ABOUT_RETURN_TYPE = YES_ERROR;
				GCC_WARN_UNDECLARED_SELECTOR = YES;
				GCC_WARN_UNINITIALIZED_AUTOS = YES_AGGRESSIVE;
				GCC_WARN_UNUSED_FUNCTION = YES;
				GCC_WARN_UNUSED_VARIABLE = YES;
				IPHONEOS_DEPLOYMENT_TARGET = 11.4;
				MTL_ENABLE_DEBUG_INFO = NO;
				SDKROOT = iphoneos;
				SWIFT_COMPILATION_MODE = wholemodule;
				SWIFT_OPTIMIZATION_LEVEL = "-O";
				VALIDATE_PRODUCT = YES;
				VERSIONING_SYSTEM = "apple-generic";
				VERSION_INFO_PREFIX = "";
			};
			name = Release;
		};
		3C7E3FA8213F24F500BED762 /* Debug */ = {
			isa = XCBuildConfiguration;
			buildSettings = {
				CODE_SIGN_IDENTITY = "";
				CODE_SIGN_STYLE = Automatic;
				DEFINES_MODULE = YES;
				DYLIB_COMPATIBILITY_VERSION = 1;
				DYLIB_CURRENT_VERSION = 1;
				DYLIB_INSTALL_NAME_BASE = "@rpath";
				INFOPLIST_FILE = "$(SRCROOT)/Framework Support/Info.plist";
				INSTALL_PATH = "$(LOCAL_LIBRARY_DIR)/Frameworks";
				LD_RUNPATH_SEARCH_PATHS = (
					"$(inherited)",
					"@executable_path/Frameworks",
					"@loader_path/Frameworks",
				);
				PRODUCT_BUNDLE_IDENTIFIER = com.harlanhaskins.GeoJSON.swift.iOS;
				PRODUCT_NAME = GeoJSON_swift;
				SKIP_INSTALL = YES;
				SWIFT_VERSION = 4.0;
				TARGETED_DEVICE_FAMILY = "1,2";
			};
			name = Debug;
		};
		3C7E3FA9213F24F500BED762 /* Release */ = {
			isa = XCBuildConfiguration;
			buildSettings = {
				CODE_SIGN_IDENTITY = "";
				CODE_SIGN_STYLE = Automatic;
				DEFINES_MODULE = YES;
				DYLIB_COMPATIBILITY_VERSION = 1;
				DYLIB_CURRENT_VERSION = 1;
				DYLIB_INSTALL_NAME_BASE = "@rpath";
				INFOPLIST_FILE = "$(SRCROOT)/Framework Support/Info.plist";
				INSTALL_PATH = "$(LOCAL_LIBRARY_DIR)/Frameworks";
				LD_RUNPATH_SEARCH_PATHS = (
					"$(inherited)",
					"@executable_path/Frameworks",
					"@loader_path/Frameworks",
				);
				PRODUCT_BUNDLE_IDENTIFIER = com.harlanhaskins.GeoJSON.swift.iOS;
				PRODUCT_NAME = GeoJSON_swift;
				SKIP_INSTALL = YES;
				SWIFT_VERSION = 4.0;
				TARGETED_DEVICE_FAMILY = "1,2";
			};
			name = Release;
		};
		3C7E3FD5213F283D00BED762 /* Debug */ = {
			isa = XCBuildConfiguration;
			buildSettings = {
				CODE_SIGN_STYLE = Automatic;
				INFOPLIST_FILE = Example/Tests/Info.plist;
				LD_RUNPATH_SEARCH_PATHS = (
					"$(inherited)",
					"@executable_path/Frameworks",
					"@loader_path/Frameworks",
				);
				PRODUCT_BUNDLE_IDENTIFIER = "com.harlanhaskins.GeoJSON.swift.GeoJSON-swiftTests";
				PRODUCT_NAME = "$(TARGET_NAME)";
				SWIFT_VERSION = 4.0;
				TARGETED_DEVICE_FAMILY = "1,2";
			};
			name = Debug;
		};
		3C7E3FD6213F283D00BED762 /* Release */ = {
			isa = XCBuildConfiguration;
			buildSettings = {
				CODE_SIGN_STYLE = Automatic;
				INFOPLIST_FILE = Example/Tests/Info.plist;
				LD_RUNPATH_SEARCH_PATHS = (
					"$(inherited)",
					"@executable_path/Frameworks",
					"@loader_path/Frameworks",
				);
				PRODUCT_BUNDLE_IDENTIFIER = "com.harlanhaskins.GeoJSON.swift.GeoJSON-swiftTests";
				PRODUCT_NAME = "$(TARGET_NAME)";
				SWIFT_VERSION = 4.0;
				TARGETED_DEVICE_FAMILY = "1,2";
			};
			name = Release;
		};
		3CC48A1D216EC42E0088E219 /* Debug */ = {
			isa = XCBuildConfiguration;
			buildSettings = {
				CODE_SIGN_IDENTITY = "-";
				CODE_SIGN_STYLE = Automatic;
				COMBINE_HIDPI_IMAGES = YES;
				DEFINES_MODULE = YES;
				DYLIB_COMPATIBILITY_VERSION = 1;
				DYLIB_CURRENT_VERSION = 1;
				DYLIB_INSTALL_NAME_BASE = "@rpath";
				FRAMEWORK_VERSION = A;
				INFOPLIST_FILE = "$(SRCROOT)/Framework Support/Info.plist";
				INSTALL_PATH = "$(LOCAL_LIBRARY_DIR)/Frameworks";
				LD_RUNPATH_SEARCH_PATHS = (
					"$(inherited)",
					"@executable_path/../Frameworks",
					"@loader_path/Frameworks",
				);
				MACOSX_DEPLOYMENT_TARGET = 10.14;
				MTL_ENABLE_DEBUG_INFO = INCLUDE_SOURCE;
				MTL_FAST_MATH = YES;
				PRODUCT_BUNDLE_IDENTIFIER = com.harlanhaskins.GeoJSON.swift.macOS;
				PRODUCT_NAME = GeoJSON_swift;
				SDKROOT = macosx;
				SKIP_INSTALL = YES;
				SWIFT_VERSION = 4.2;
			};
			name = Debug;
		};
		3CC48A1E216EC42E0088E219 /* Release */ = {
			isa = XCBuildConfiguration;
			buildSettings = {
				CODE_SIGN_IDENTITY = "-";
				CODE_SIGN_STYLE = Automatic;
				COMBINE_HIDPI_IMAGES = YES;
				DEFINES_MODULE = YES;
				DYLIB_COMPATIBILITY_VERSION = 1;
				DYLIB_CURRENT_VERSION = 1;
				DYLIB_INSTALL_NAME_BASE = "@rpath";
				FRAMEWORK_VERSION = A;
				INFOPLIST_FILE = "$(SRCROOT)/Framework Support/Info.plist";
				INSTALL_PATH = "$(LOCAL_LIBRARY_DIR)/Frameworks";
				LD_RUNPATH_SEARCH_PATHS = (
					"$(inherited)",
					"@executable_path/../Frameworks",
					"@loader_path/Frameworks",
				);
				MACOSX_DEPLOYMENT_TARGET = 10.14;
				MTL_FAST_MATH = YES;
				PRODUCT_BUNDLE_IDENTIFIER = com.harlanhaskins.GeoJSON.swift.macOS;
				PRODUCT_NAME = GeoJSON_swift;
				SDKROOT = macosx;
				SKIP_INSTALL = YES;
				SWIFT_VERSION = 4.2;
			};
			name = Release;
		};
		3CC48A1F216EC42E0088E219 /* Debug */ = {
			isa = XCBuildConfiguration;
			buildSettings = {
				ALWAYS_EMBED_SWIFT_STANDARD_LIBRARIES = YES;
				CODE_SIGN_IDENTITY = "-";
				CODE_SIGN_STYLE = Automatic;
				COMBINE_HIDPI_IMAGES = YES;
				INFOPLIST_FILE = Example/Tests/Info.plist;
				LD_RUNPATH_SEARCH_PATHS = (
					"$(inherited)",
					"@executable_path/../Frameworks",
					"@loader_path/../Frameworks",
				);
				MACOSX_DEPLOYMENT_TARGET = 10.14;
				MTL_ENABLE_DEBUG_INFO = INCLUDE_SOURCE;
				MTL_FAST_MATH = YES;
				PRODUCT_BUNDLE_IDENTIFIER = "com.adorkable.GeoJSON-swift-macOSTests";
				PRODUCT_NAME = "$(TARGET_NAME)";
				SDKROOT = macosx;
				SWIFT_VERSION = 4.2;
			};
			name = Debug;
		};
		3CC48A20216EC42E0088E219 /* Release */ = {
			isa = XCBuildConfiguration;
			buildSettings = {
				ALWAYS_EMBED_SWIFT_STANDARD_LIBRARIES = YES;
				CODE_SIGN_IDENTITY = "-";
				CODE_SIGN_STYLE = Automatic;
				COMBINE_HIDPI_IMAGES = YES;
				INFOPLIST_FILE = Example/Tests/Info.plist;
				LD_RUNPATH_SEARCH_PATHS = (
					"$(inherited)",
					"@executable_path/../Frameworks",
					"@loader_path/../Frameworks",
				);
				MACOSX_DEPLOYMENT_TARGET = 10.14;
				MTL_FAST_MATH = YES;
				PRODUCT_BUNDLE_IDENTIFIER = "com.adorkable.GeoJSON-swift-macOSTests";
				PRODUCT_NAME = "$(TARGET_NAME)";
				SDKROOT = macosx;
				SWIFT_VERSION = 4.2;
			};
			name = Release;
		};
/* End XCBuildConfiguration section */

/* Begin XCConfigurationList section */
		3C7E3F99213F24F500BED762 /* Build configuration list for PBXProject "GeoJSON.swift" */ = {
			isa = XCConfigurationList;
			buildConfigurations = (
				3C7E3FA5213F24F500BED762 /* Debug */,
				3C7E3FA6213F24F500BED762 /* Release */,
			);
			defaultConfigurationIsVisible = 0;
			defaultConfigurationName = Release;
		};
		3C7E3FA7213F24F500BED762 /* Build configuration list for PBXNativeTarget "GeoJSON.swift-iOS" */ = {
			isa = XCConfigurationList;
			buildConfigurations = (
				3C7E3FA8213F24F500BED762 /* Debug */,
				3C7E3FA9213F24F500BED762 /* Release */,
			);
			defaultConfigurationIsVisible = 0;
			defaultConfigurationName = Release;
		};
		3C7E3FD4213F283D00BED762 /* Build configuration list for PBXNativeTarget "GeoJSON.swiftTests-iOS" */ = {
			isa = XCConfigurationList;
			buildConfigurations = (
				3C7E3FD5213F283D00BED762 /* Debug */,
				3C7E3FD6213F283D00BED762 /* Release */,
			);
			defaultConfigurationIsVisible = 0;
			defaultConfigurationName = Release;
		};
		3CC48A21216EC42E0088E219 /* Build configuration list for PBXNativeTarget "GeoJSON.swift-macOS" */ = {
			isa = XCConfigurationList;
			buildConfigurations = (
				3CC48A1D216EC42E0088E219 /* Debug */,
				3CC48A1E216EC42E0088E219 /* Release */,
			);
			defaultConfigurationIsVisible = 0;
			defaultConfigurationName = Release;
		};
		3CC48A22216EC42E0088E219 /* Build configuration list for PBXNativeTarget "GeoJSON.swiftTests-macOS" */ = {
			isa = XCConfigurationList;
			buildConfigurations = (
				3CC48A1F216EC42E0088E219 /* Debug */,
				3CC48A20216EC42E0088E219 /* Release */,
			);
			defaultConfigurationIsVisible = 0;
			defaultConfigurationName = Release;
		};
/* End XCConfigurationList section */
	};
	rootObject = 3C7E3F96213F24F500BED762 /* Project object */;
}
